
Microsoft Visual Studio Solution File, Format Version 12.00
# Visual Studio Version 16
VisualStudioVersion = 16.0.31402.337
MinimumVisualStudioVersion = 10.0.40219.1
Project("{FAE04EC0-301F-11D3-BF4B-00C04F79EFBC}") = "Clash SQL Export", "navis_test\Clash SQL Export.csproj", "{194016E5-7E9E-49E9-B0B0-59DDA4B1F940}"
EndProject
Global
	GlobalSection(SolutionConfigurationPlatforms) = preSolution
		Debug|Any CPU = Debug|Any CPU
		Release|Any CPU = Release|Any CPU
	EndGlobalSection
	GlobalSection(ProjectConfigurationPlatforms) = postSolution
		{194016E5-7E9E-49E9-B0B0-59DDA4B1F940}.Debug|Any CPU.ActiveCfg = Debug|Any CPU
		{194016E5-7E9E-49E9-B0B0-59DDA4B1F940}.Debug|Any CPU.Build.0 = Debug|Any CPU
		{194016E5-7E9E-49E9-B0B0-59DDA4B1F940}.Release|Any CPU.ActiveCfg = Release|Any CPU
		{194016E5-7E9E-49E9-B0B0-59DDA4B1F940}.Release|Any CPU.Build.0 = Release|Any CPU
	EndGlobalSection
	GlobalSection(SolutionProperties) = preSolution
		HideSolutionNode = FALSE
	EndGlobalSection
	GlobalSection(ExtensibilityGlobals) = postSolution
		SolutionGuid = {A7526823-DC88-486F-B3F8-479380BDD862}
	EndGlobalSection
EndGlobal
